
Microsoft Visual Studio Solution File, Format Version 12.00
# Visual Studio Version 17
VisualStudioVersion = 17.4.33122.133
MinimumVisualStudioVersion = 10.0.40219.1
Project("{FAE04EC0-301F-11D3-BF4B-00C04F79EFBC}") = "App3.Android", "App3\App3.Android\App3.Android.csproj", "{D91D1C14-EFA6-422F-B9FB-7CB866C95F74}"
EndProject
Project("{FAE04EC0-301F-11D3-BF4B-00C04F79EFBC}") = "App3.iOS", "App3\App3.iOS\App3.iOS.csproj", "{FDF13156-2B82-4D27-8B51-EA456BDB0CB6}"
EndProject
Project("{FAE04EC0-301F-11D3-BF4B-00C04F79EFBC}") = "App3", "App3\App3\App3.csproj", "{2F14452A-06D5-4021-8382-9F50493EA2EA}"
EndProject
Global
	GlobalSection(SolutionConfigurationPlatforms) = preSolution
		Debug|Any CPU = Debug|Any CPU
		Debug|iPhone = Debug|iPhone
		Debug|iPhoneSimulator = Debug|iPhoneSimulator
		Release|Any CPU = Release|Any CPU
		Release|iPhone = Release|iPhone
		Release|iPhoneSimulator = Release|iPhoneSimulator
	EndGlobalSection
	GlobalSection(ProjectConfigurationPlatforms) = postSolution
		{D91D1C14-EFA6-422F-B9FB-7CB866C95F74}.Debug|Any CPU.ActiveCfg = Debug|Any CPU
		{D91D1C14-EFA6-422F-B9FB-7CB866C95F74}.Debug|Any CPU.Build.0 = Debug|Any CPU
		{D91D1C14-EFA6-422F-B9FB-7CB866C95F74}.Debug|Any CPU.Deploy.0 = Debug|Any CPU
		{D91D1C14-EFA6-422F-B9FB-7CB866C95F74}.Debug|iPhone.ActiveCfg = Debug|Any CPU
		{D91D1C14-EFA6-422F-B9FB-7CB866C95F74}.Debug|iPhone.Build.0 = Debug|Any CPU
		{D91D1C14-EFA6-422F-B9FB-7CB866C95F74}.Debug|iPhone.Deploy.0 = Debug|Any CPU
		{D91D1C14-EFA6-422F-B9FB-7CB866C95F74}.Debug|iPhoneSimulator.ActiveCfg = Debug|Any CPU
		{D91D1C14-EFA6-422F-B9FB-7CB866C95F74}.Debug|iPhoneSimulator.Build.0 = Debug|Any CPU
		{D91D1C14-EFA6-422F-B9FB-7CB866C95F74}.Debug|iPhoneSimulator.Deploy.0 = Debug|Any CPU
		{D91D1C14-EFA6-422F-B9FB-7CB866C95F74}.Release|Any CPU.ActiveCfg = Release|Any CPU
		{D91D1C14-EFA6-422F-B9FB-7CB866C95F74}.Release|Any CPU.Build.0 = Release|Any CPU
		{D91D1C14-EFA6-422F-B9FB-7CB866C95F74}.Release|Any CPU.Deploy.0 = Release|Any CPU
		{D91D1C14-EFA6-422F-B9FB-7CB866C95F74}.Release|iPhone.ActiveCfg = Release|Any CPU
		{D91D1C14-EFA6-422F-B9FB-7CB866C95F74}.Release|iPhone.Build.0 = Release|Any CPU
		{D91D1C14-EFA6-422F-B9FB-7CB866C95F74}.Release|iPhone.Deploy.0 = Release|Any CPU
		{D91D1C14-EFA6-422F-B9FB-7CB866C95F74}.Release|iPhoneSimulator.ActiveCfg = Release|Any CPU
		{D91D1C14-EFA6-422F-B9FB-7CB866C95F74}.Release|iPhoneSimulator.Build.0 = Release|Any CPU
		{D91D1C14-EFA6-422F-B9FB-7CB866C95F74}.Release|iPhoneSimulator.Deploy.0 = Release|Any CPU
		{FDF13156-2B82-4D27-8B51-EA456BDB0CB6}.Debug|Any CPU.ActiveCfg = Debug|iPhone
		{FDF13156-2B82-4D27-8B51-EA456BDB0CB6}.Debug|Any CPU.Build.0 = Debug|iPhone
		{FDF13156-2B82-4D27-8B51-EA456BDB0CB6}.Debug|Any CPU.Deploy.0 = Debug|iPhone
		{FDF13156-2B82-4D27-8B51-EA456BDB0CB6}.Debug|iPhone.ActiveCfg = Debug|iPhone
		{FDF13156-2B82-4D27-8B51-EA456BDB0CB6}.Debug|iPhone.Build.0 = Debug|iPhone
		{FDF13156-2B82-4D27-8B51-EA456BDB0CB6}.Debug|iPhone.Deploy.0 = Debug|iPhone
		{FDF13156-2B82-4D27-8B51-EA456BDB0CB6}.Debug|iPhoneSimulator.ActiveCfg = Debug|iPhoneSimulator
		{FDF13156-2B82-4D27-8B51-EA456BDB0CB6}.Debug|iPhoneSimulator.Build.0 = Debug|iPhoneSimulator
		{FDF13156-2B82-4D27-8B51-EA456BDB0CB6}.Debug|iPhoneSimulator.Deploy.0 = Debug|iPhoneSimulator
		{FDF13156-2B82-4D27-8B51-EA456BDB0CB6}.Release|Any CPU.ActiveCfg = Release|iPhoneSimulator
		{FDF13156-2B82-4D27-8B51-EA456BDB0CB6}.Release|Any CPU.Build.0 = Release|iPhoneSimulator
		{FDF13156-2B82-4D27-8B51-EA456BDB0CB6}.Release|Any CPU.Deploy.0 = Release|iPhoneSimulator
		{FDF13156-2B82-4D27-8B51-EA456BDB0CB6}.Release|iPhone.ActiveCfg = Release|iPhone
		{FDF13156-2B82-4D27-8B51-EA456BDB0CB6}.Release|iPhone.Build.0 = Release|iPhone
		{FDF13156-2B82-4D27-8B51-EA456BDB0CB6}.Release|iPhone.Deploy.0 = Release|iPhone
		{FDF13156-2B82-4D27-8B51-EA456BDB0CB6}.Release|iPhoneSimulator.ActiveCfg = Release|iPhoneSimulator
		{FDF13156-2B82-4D27-8B51-EA456BDB0CB6}.Release|iPhoneSimulator.Build.0 = Release|iPhoneSimulator
		{FDF13156-2B82-4D27-8B51-EA456BDB0CB6}.Release|iPhoneSimulator.Deploy.0 = Release|iPhoneSimulator
		{2F14452A-06D5-4021-8382-9F50493EA2EA}.Debug|Any CPU.ActiveCfg = Debug|Any CPU
		{2F14452A-06D5-4021-8382-9F50493EA2EA}.Debug|Any CPU.Build.0 = Debug|Any CPU
		{2F14452A-06D5-4021-8382-9F50493EA2EA}.Debug|Any CPU.Deploy.0 = Debug|Any CPU
		{2F14452A-06D5-4021-8382-9F50493EA2EA}.Debug|iPhone.ActiveCfg = Debug|Any CPU
		{2F14452A-06D5-4021-8382-9F50493EA2EA}.Debug|iPhone.Build.0 = Debug|Any CPU
		{2F14452A-06D5-4021-8382-9F50493EA2EA}.Debug|iPhone.Deploy.0 = Debug|Any CPU
		{2F14452A-06D5-4021-8382-9F50493EA2EA}.Debug|iPhoneSimulator.ActiveCfg = Debug|Any CPU
		{2F14452A-06D5-4021-8382-9F50493EA2EA}.Debug|iPhoneSimulator.Build.0 = Debug|Any CPU
		{2F14452A-06D5-4021-8382-9F50493EA2EA}.Debug|iPhoneSimulator.Deploy.0 = Debug|Any CPU
		{2F14452A-06D5-4021-8382-9F50493EA2EA}.Release|Any CPU.ActiveCfg = Release|Any CPU
		{2F14452A-06D5-4021-8382-9F50493EA2EA}.Release|Any CPU.Build.0 = Release|Any CPU
		{2F14452A-06D5-4021-8382-9F50493EA2EA}.Release|Any CPU.Deploy.0 = Release|Any CPU
		{2F14452A-06D5-4021-8382-9F50493EA2EA}.Release|iPhone.ActiveCfg = Release|Any CPU
		{2F14452A-06D5-4021-8382-9F50493EA2EA}.Release|iPhone.Build.0 = Release|Any CPU
		{2F14452A-06D5-4021-8382-9F50493EA2EA}.Release|iPhone.Deploy.0 = Release|Any CPU
		{2F14452A-06D5-4021-8382-9F50493EA2EA}.Release|iPhoneSimulator.ActiveCfg = Release|Any CPU
		{2F14452A-06D5-4021-8382-9F50493EA2EA}.Release|iPhoneSimulator.Build.0 = Release|Any CPU
		{2F14452A-06D5-4021-8382-9F50493EA2EA}.Release|iPhoneSimulator.Deploy.0 = Release|Any CPU
	EndGlobalSection
	GlobalSection(SolutionProperties) = preSolution
		HideSolutionNode = FALSE
	EndGlobalSection
	GlobalSection(ExtensibilityGlobals) = postSolution
		SolutionGuid = {4954D555-C640-4210-AC6A-026BBDED8B69}
	EndGlobalSection
EndGlobal
